
Microsoft Visual Studio Solution File, Format Version 12.00
# Visual Studio Version 17
VisualStudioVersion = 17.14.37027.9
MinimumVisualStudioVersion = 10.0.40219.1
Project("{8BC9CEB8-8B4A-11D0-8D11-00A0C91BC942}") = "project.3", "project.3\project.3.vcxproj", "{E31C68DA-FB75-4367-9503-2C459D82451C}"
EndProject
Project("{8BC9CEB8-8B4A-11D0-8D11-00A0C91BC942}") = "project03", "project03\project03.vcxproj", "{37A054A0-EF45-4F57-BF1C-B2503917404A}"
EndProject
Global
	GlobalSection(SolutionConfigurationPlatforms) = preSolution
		Debug|x64 = Debug|x64
		Debug|x86 = Debug|x86
		Release|x64 = Release|x64
		Release|x86 = Release|x86
	EndGlobalSection
	GlobalSection(ProjectConfigurationPlatforms) = postSolution
		{E31C68DA-FB75-4367-9503-2C459D82451C}.Debug|x64.ActiveCfg = Debug|x64
		{E31C68DA-FB75-4367-9503-2C459D82451C}.Debug|x64.Build.0 = Debug|x64
		{E31C68DA-FB75-4367-9503-2C459D82451C}.Debug|x86.ActiveCfg = Debug|Win32
		{E31C68DA-FB75-4367-9503-2C459D82451C}.Debug|x86.Build.0 = Debug|Win32
		{E31C68DA-FB75-4367-9503-2C459D82451C}.Release|x64.ActiveCfg = Release|x64
		{E31C68DA-FB75-4367-9503-2C459D82451C}.Release|x64.Build.0 = Release|x64
		{E31C68DA-FB75-4367-9503-2C459D82451C}.Release|x86.ActiveCfg = Release|Win32
		{E31C68DA-FB75-4367-9503-2C459D82451C}.Release|x86.Build.0 = Release|Win32
		{37A054A0-EF45-4F57-BF1C-B2503917404A}.Debug|x64.ActiveCfg = Debug|x64
		{37A054A0-EF45-4F57-BF1C-B2503917404A}.Debug|x64.Build.0 = Debug|x64
		{37A054A0-EF45-4F57-BF1C-B2503917404A}.Debug|x86.ActiveCfg = Debug|Win32
		{37A054A0-EF45-4F57-BF1C-B2503917404A}.Debug|x86.Build.0 = Debug|Win32
		{37A054A0-EF45-4F57-BF1C-B2503917404A}.Release|x64.ActiveCfg = Release|x64
		{37A054A0-EF45-4F57-BF1C-B2503917404A}.Release|x64.Build.0 = Release|x64
		{37A054A0-EF45-4F57-BF1C-B2503917404A}.Release|x86.ActiveCfg = Release|Win32
		{37A054A0-EF45-4F57-BF1C-B2503917404A}.Release|x86.Build.0 = Release|Win32
	EndGlobalSection
	GlobalSection(SolutionProperties) = preSolution
		HideSolutionNode = FALSE
	EndGlobalSection
	GlobalSection(ExtensibilityGlobals) = postSolution
		SolutionGuid = {545FB8C2-B49E-4D23-B867-EF00FC9330A7}
	EndGlobalSection
EndGlobal
